
Microsoft Visual Studio Solution File, Format Version 12.00
# Visual Studio 2012
Project("{8BC9CEB8-8B4A-11D0-8D11-00A0C91BC942}") = "Score", "Score\Score.vcxproj", "{63CEBA75-8573-41FE-A7C7-046E49F110E7}"
EndProject
Global
	GlobalSection(SolutionConfigurationPlatforms) = preSolution
		Debug|Win32 = Debug|Win32
		Release|Win32 = Release|Win32
	EndGlobalSection
	GlobalSection(ProjectConfigurationPlatforms) = postSolution
		{63CEBA75-8573-41FE-A7C7-046E49F110E7}.Debug|Win32.ActiveCfg = Debug|Win32
		{63CEBA75-8573-41FE-A7C7-046E49F110E7}.Debug|Win32.Build.0 = Debug|Win32
		{63CEBA75-8573-41FE-A7C7-046E49F110E7}.Release|Win32.ActiveCfg = Release|Win32
		{63CEBA75-8573-41FE-A7C7-046E49F110E7}.Release|Win32.Build.0 = Release|Win32
	EndGlobalSection
	GlobalSection(SolutionProperties) = preSolution
		HideSolutionNode = FALSE
	EndGlobalSection
EndGlobal
