
Microsoft Visual Studio Solution File, Format Version 11.00
# Visual Studio 2010
Project("{8BC9CEB8-8B4A-11D0-8D11-00A0C91BC942}") = "Light", "Light\Light.vcxproj", "{92D33733-536B-436E-9AA2-D8879A2D6FC9}"
EndProject
Global
	GlobalSection(SolutionConfigurationPlatforms) = preSolution
		Debug|Win32 = Debug|Win32
		Release|Win32 = Release|Win32
	EndGlobalSection
	GlobalSection(ProjectConfigurationPlatforms) = postSolution
		{92D33733-536B-436E-9AA2-D8879A2D6FC9}.Debug|Win32.ActiveCfg = Debug|Win32
		{92D33733-536B-436E-9AA2-D8879A2D6FC9}.Debug|Win32.Build.0 = Debug|Win32
		{92D33733-536B-436E-9AA2-D8879A2D6FC9}.Release|Win32.ActiveCfg = Release|Win32
		{92D33733-536B-436E-9AA2-D8879A2D6FC9}.Release|Win32.Build.0 = Release|Win32
	EndGlobalSection
	GlobalSection(SolutionProperties) = preSolution
		HideSolutionNode = FALSE
	EndGlobalSection
EndGlobal
